{
  "name": "uiux-asset",
  "lockfileVersion": 3,
  "requires": true,
  "packages": {
    "": {
      "dependencies": {
        "@upstash/search": "0.1.7"
      }
    },
    "node_modules/@upstash/search": {
      "version": "0.1.7",
      "resolved": "https://registry.npmjs.org/@upstash/search/-/search-0.1.7.tgz",
      "integrity": "sha512-rgJ52TP0eUPLFo4K6TZtiC7qICbJnEwkT+TqaDI1vN8/Hk6qidgNC9dpnUUXCiqfwogty1rlSyBhYfk6PRgXjA==",
      "license": "MIT",
      "dependencies": {
        "@upstash/vector": "^1.2.1"
      }
    },
    "node_modules/@upstash/vector": {
      "version": "1.2.3",
      "resolved": "https://registry.npmjs.org/@upstash/vector/-/vector-1.2.3.tgz",
      "integrity": "sha512-yXsWKeuHNYyH72BcSZd3bV5ZD5MybAoTvKxkMaeV2UzuGfNzbHBVh5eO+ysTWTFAf8I9XcOueF4tZfAGjCa4Iw==",
      "license": "MIT"
    }
  }
}
